
Microsoft Visual Studio Solution File, Format Version 12.00
# Visual Studio Version 17
VisualStudioVersion = 17.8.34511.84
MinimumVisualStudioVersion = 10.0.40219.1
Project("{9A19103F-16F7-4668-BE54-9A1E7A4F7556}") = "FinalProjectMVC", "FinalProjectMVC\FinalProjectMVC.csproj", "{0D2C81AE-90AF-4C6B-A3CD-7C8549067204}"
EndProject
Global
	GlobalSection(SolutionConfigurationPlatforms) = preSolution
		Debug|Any CPU = Debug|Any CPU
		Release|Any CPU = Release|Any CPU
	EndGlobalSection
	GlobalSection(ProjectConfigurationPlatforms) = postSolution
		{0D2C81AE-90AF-4C6B-A3CD-7C8549067204}.Debug|Any CPU.ActiveCfg = Debug|Any CPU
		{0D2C81AE-90AF-4C6B-A3CD-7C8549067204}.Debug|Any CPU.Build.0 = Debug|Any CPU
		{0D2C81AE-90AF-4C6B-A3CD-7C8549067204}.Release|Any CPU.ActiveCfg = Release|Any CPU
		{0D2C81AE-90AF-4C6B-A3CD-7C8549067204}.Release|Any CPU.Build.0 = Release|Any CPU
	EndGlobalSection
	GlobalSection(SolutionProperties) = preSolution
		HideSolutionNode = FALSE
	EndGlobalSection
	GlobalSection(ExtensibilityGlobals) = postSolution
		SolutionGuid = {706DEA14-70B0-462E-843F-677B3B9FC0A2}
	EndGlobalSection
EndGlobal
